
Microsoft Visual Studio Solution File, Format Version 12.00
# Visual Studio Version 17
VisualStudioVersion = 17.4.33122.133
MinimumVisualStudioVersion = 10.0.40219.1
Project("{9A19103F-16F7-4668-BE54-9A1E7A4F7556}") = "UsersWebApiService", "UsersWebApiService\UsersWebApiService.csproj", "{A78F6892-480C-4C99-A1BD-6D82D549357A}"
EndProject
Project("{9A19103F-16F7-4668-BE54-9A1E7A4F7556}") = "UsersWebApiService.DataLayer", "UsersWebApiService.DataLayer\UsersWebApiService.DataLayer.csproj", "{4354C50D-B1BA-4B82-B2C9-85717948BE09}"
EndProject
Project("{9A19103F-16F7-4668-BE54-9A1E7A4F7556}") = "UsersWebApiService.DataAccessLayer", "UsersWebApiService.DataAccessLayer\UsersWebApiService.DataAccessLayer.csproj", "{F89CA8DF-A613-4DB3-9BA2-21EE2F0D8AE8}"
EndProject
Project("{9A19103F-16F7-4668-BE54-9A1E7A4F7556}") = "UsersWebApiService.Services", "UsersWebApiService.Services\UsersWebApiService.Services.csproj", "{D00D12AF-CEB8-4C7C-8BB1-FD11DDF5CD6F}"
EndProject
Project("{FAE04EC0-301F-11D3-BF4B-00C04F79EFBC}") = "UsersWebApiService.Tests", "UsersWebApiService.Tests\UsersWebApiService.Tests.csproj", "{F02340E7-072F-48B4-BCBD-0747806B60CE}"
EndProject
Global
	GlobalSection(SolutionConfigurationPlatforms) = preSolution
		Debug|Any CPU = Debug|Any CPU
		Release|Any CPU = Release|Any CPU
	EndGlobalSection
	GlobalSection(ProjectConfigurationPlatforms) = postSolution
		{A78F6892-480C-4C99-A1BD-6D82D549357A}.Debug|Any CPU.ActiveCfg = Debug|Any CPU
		{A78F6892-480C-4C99-A1BD-6D82D549357A}.Debug|Any CPU.Build.0 = Debug|Any CPU
		{A78F6892-480C-4C99-A1BD-6D82D549357A}.Release|Any CPU.ActiveCfg = Release|Any CPU
		{A78F6892-480C-4C99-A1BD-6D82D549357A}.Release|Any CPU.Build.0 = Release|Any CPU
		{4354C50D-B1BA-4B82-B2C9-85717948BE09}.Debug|Any CPU.ActiveCfg = Debug|Any CPU
		{4354C50D-B1BA-4B82-B2C9-85717948BE09}.Debug|Any CPU.Build.0 = Debug|Any CPU
		{4354C50D-B1BA-4B82-B2C9-85717948BE09}.Release|Any CPU.ActiveCfg = Release|Any CPU
		{4354C50D-B1BA-4B82-B2C9-85717948BE09}.Release|Any CPU.Build.0 = Release|Any CPU
		{F89CA8DF-A613-4DB3-9BA2-21EE2F0D8AE8}.Debug|Any CPU.ActiveCfg = Debug|Any CPU
		{F89CA8DF-A613-4DB3-9BA2-21EE2F0D8AE8}.Debug|Any CPU.Build.0 = Debug|Any CPU
		{F89CA8DF-A613-4DB3-9BA2-21EE2F0D8AE8}.Release|Any CPU.ActiveCfg = Release|Any CPU
		{F89CA8DF-A613-4DB3-9BA2-21EE2F0D8AE8}.Release|Any CPU.Build.0 = Release|Any CPU
		{D00D12AF-CEB8-4C7C-8BB1-FD11DDF5CD6F}.Debug|Any CPU.ActiveCfg = Debug|Any CPU
		{D00D12AF-CEB8-4C7C-8BB1-FD11DDF5CD6F}.Debug|Any CPU.Build.0 = Debug|Any CPU
		{D00D12AF-CEB8-4C7C-8BB1-FD11DDF5CD6F}.Release|Any CPU.ActiveCfg = Release|Any CPU
		{D00D12AF-CEB8-4C7C-8BB1-FD11DDF5CD6F}.Release|Any CPU.Build.0 = Release|Any CPU
		{F02340E7-072F-48B4-BCBD-0747806B60CE}.Debug|Any CPU.ActiveCfg = Debug|Any CPU
		{F02340E7-072F-48B4-BCBD-0747806B60CE}.Debug|Any CPU.Build.0 = Debug|Any CPU
		{F02340E7-072F-48B4-BCBD-0747806B60CE}.Release|Any CPU.ActiveCfg = Release|Any CPU
		{F02340E7-072F-48B4-BCBD-0747806B60CE}.Release|Any CPU.Build.0 = Release|Any CPU
	EndGlobalSection
	GlobalSection(SolutionProperties) = preSolution
		HideSolutionNode = FALSE
	EndGlobalSection
	GlobalSection(ExtensibilityGlobals) = postSolution
		SolutionGuid = {2D2312AB-49E5-4B24-8A7B-C8D3C8127758}
	EndGlobalSection
EndGlobal
